// !$*UTF8*$!
{
	archiveVersion = 1;
	classes = {
	};
	objectVersion = 56;
	objects = {

/* Begin PBXBuildFile section */
		DA191B672A21EAAE0099C07A /* QuizzerApp.swift in Sources */ = {isa = PBXBuildFile; fileRef = DA191B662A21EAAE0099C07A /* QuizzerApp.swift */; };
		DA191B6B2A21EAB00099C07A /* Assets.xcassets in Resources */ = {isa = PBXBuildFile; fileRef = DA191B6A2A21EAB00099C07A /* Assets.xcassets */; };
		DA191B6E2A21EAB00099C07A /* Preview Assets.xcassets in Resources */ = {isa = PBXBuildFile; fileRef = DA191B6D2A21EAB00099C07A /* Preview Assets.xcassets */; };
		DA191B762A21EB680099C07A /* QuizBoard.swift in Sources */ = {isa = PBXBuildFile; fileRef = DA191B752A21EB680099C07A /* QuizBoard.swift */; };
		DA191B782A21F50E0099C07A /* Question.swift in Sources */ = {isa = PBXBuildFile; fileRef = DA191B772A21F50E0099C07A /* Question.swift */; };
		DA191B7A2A21F5700099C07A /* Category.swift in Sources */ = {isa = PBXBuildFile; fileRef = DA191B792A21F5700099C07A /* Category.swift */; };
		DA191B7E2A21F8560099C07A /* CurrentState.swift in Sources */ = {isa = PBXBuildFile; fileRef = DA191B7D2A21F8560099C07A /* CurrentState.swift */; };
		DA191B812A220AA30099C07A /* FirstStageQuestion.swift in Sources */ = {isa = PBXBuildFile; fileRef = DA191B802A220AA30099C07A /* FirstStageQuestion.swift */; };
		DA191B852A2213020099C07A /* BoardControl.swift in Sources */ = {isa = PBXBuildFile; fileRef = DA191B842A2213020099C07A /* BoardControl.swift */; };
		DA191B8B2A2235DC0099C07A /* QuestionView.swift in Sources */ = {isa = PBXBuildFile; fileRef = DA191B8A2A2235DC0099C07A /* QuestionView.swift */; };
		DA191B8F2A22388F0099C07A /* FirstStage.swift in Sources */ = {isa = PBXBuildFile; fileRef = DA191B8E2A22388F0099C07A /* FirstStage.swift */; };
		DA191B932A2240B20099C07A /* QuestionControl.swift in Sources */ = {isa = PBXBuildFile; fileRef = DA191B922A2240B20099C07A /* QuestionControl.swift */; };
		DA191B952A2247070099C07A /* Team.swift in Sources */ = {isa = PBXBuildFile; fileRef = DA191B942A2247070099C07A /* Team.swift */; };
		DA191B9D2A22BA6D0099C07A /* Util.swift in Sources */ = {isa = PBXBuildFile; fileRef = DA191B9C2A22BA6D0099C07A /* Util.swift */; };
		DA27112D2A4A0BC50026D89E /* Kaiser.jpg in Resources */ = {isa = PBXBuildFile; fileRef = DA27112B2A4A0BC50026D89E /* Kaiser.jpg */; };
		DA27112E2A4A0BC50026D89E /* HRR.jpg in Resources */ = {isa = PBXBuildFile; fileRef = DA27112C2A4A0BC50026D89E /* HRR.jpg */; };
		DA2711302A4A0E250026D89E /* NamedData.swift in Sources */ = {isa = PBXBuildFile; fileRef = DA27112F2A4A0E250026D89E /* NamedData.swift */; };
		DA631C892A2DDAFB0061BE7D /* MasterQuestion.swift in Sources */ = {isa = PBXBuildFile; fileRef = DA631C882A2DDAFB0061BE7D /* MasterQuestion.swift */; };
		DA631C8B2A2DEAC80061BE7D /* MasterQuestionControl.swift in Sources */ = {isa = PBXBuildFile; fileRef = DA631C8A2A2DEAC80061BE7D /* MasterQuestionControl.swift */; };
		DA9C26032A495AE2007D274B /* QuestionEditView.swift in Sources */ = {isa = PBXBuildFile; fileRef = DA9C26022A495AE2007D274B /* QuestionEditView.swift */; };
		DA9D5FA62A2736620010928A /* TeamListing.swift in Sources */ = {isa = PBXBuildFile; fileRef = DA9D5FA52A2736620010928A /* TeamListing.swift */; };
		DACB33AE2A2358850073F39D /* QuestionAnswer.swift in Sources */ = {isa = PBXBuildFile; fileRef = DACB33AD2A2358850073F39D /* QuestionAnswer.swift */; };
		DACD19362A3C4EC70025A6B6 /* HeaderView.swift in Sources */ = {isa = PBXBuildFile; fileRef = DACD19352A3C4EC70025A6B6 /* HeaderView.swift */; };
		DACD19382A3C4EEA0025A6B6 /* QuestionAndAnswer.swift in Sources */ = {isa = PBXBuildFile; fileRef = DACD19372A3C4EEA0025A6B6 /* QuestionAndAnswer.swift */; };
		DACD193A2A3C4F130025A6B6 /* PresentationControl.swift in Sources */ = {isa = PBXBuildFile; fileRef = DACD19392A3C4F130025A6B6 /* PresentationControl.swift */; };
		DACD193C2A3C4F4F0025A6B6 /* PreviousAnswerView.swift in Sources */ = {isa = PBXBuildFile; fileRef = DACD193B2A3C4F4F0025A6B6 /* PreviousAnswerView.swift */; };
		DACD193F2A3C4F8A0025A6B6 /* AnswerControl.swift in Sources */ = {isa = PBXBuildFile; fileRef = DACD193E2A3C4F8A0025A6B6 /* AnswerControl.swift */; };
		DACD19412A3C4FAD0025A6B6 /* ExemptView.swift in Sources */ = {isa = PBXBuildFile; fileRef = DACD19402A3C4FAD0025A6B6 /* ExemptView.swift */; };
		DACD19432A3CC2C70025A6B6 /* MasterQuestionView.swift in Sources */ = {isa = PBXBuildFile; fileRef = DACD19422A3CC2C70025A6B6 /* MasterQuestionView.swift */; };
		DADB10312A48DDEA004B6024 /* TeamListItem.swift in Sources */ = {isa = PBXBuildFile; fileRef = DADB10302A48DDEA004B6024 /* TeamListItem.swift */; };
		DADE99902A4B053600E2BCCA /* GeneralQuestionEditView.swift in Sources */ = {isa = PBXBuildFile; fileRef = DADE998F2A4B053600E2BCCA /* GeneralQuestionEditView.swift */; };
		DADE99922A4B13AA00E2BCCA /* QuestionVars.swift in Sources */ = {isa = PBXBuildFile; fileRef = DADE99912A4B13AA00E2BCCA /* QuestionVars.swift */; };
		DADE99942A4B42FA00E2BCCA /* MasterQuestionEditView.swift in Sources */ = {isa = PBXBuildFile; fileRef = DADE99932A4B42FA00E2BCCA /* MasterQuestionEditView.swift */; };
		DAF93C392A446ED300319364 /* ResultsView.swift in Sources */ = {isa = PBXBuildFile; fileRef = DAF93C382A446ED300319364 /* ResultsView.swift */; };
		DAF93C3B2A44E6C800319364 /* EndControl.swift in Sources */ = {isa = PBXBuildFile; fileRef = DAF93C3A2A44E6C800319364 /* EndControl.swift */; };
		DAF93C3E2A48561F00319364 /* MasterQuestionAndAnswer.swift in Sources */ = {isa = PBXBuildFile; fileRef = DAF93C3D2A48561F00319364 /* MasterQuestionAndAnswer.swift */; };
		DAF93C402A48565B00319364 /* MasterQuestionPresentationControls.swift in Sources */ = {isa = PBXBuildFile; fileRef = DAF93C3F2A48565B00319364 /* MasterQuestionPresentationControls.swift */; };
		DAF93C422A4856CC00319364 /* MasterQuestionBettingView.swift in Sources */ = {isa = PBXBuildFile; fileRef = DAF93C412A4856CC00319364 /* MasterQuestionBettingView.swift */; };
		DAF93C442A48570000319364 /* MasterQuestionAnswersView.swift in Sources */ = {isa = PBXBuildFile; fileRef = DAF93C432A48570000319364 /* MasterQuestionAnswersView.swift */; };
		DAF93C472A485F4B00319364 /* Listings.swift in Sources */ = {isa = PBXBuildFile; fileRef = DAF93C462A485F4B00319364 /* Listings.swift */; };
		DAF93C492A485FD900319364 /* CategoriesView.swift in Sources */ = {isa = PBXBuildFile; fileRef = DAF93C482A485FD900319364 /* CategoriesView.swift */; };
		DAF93C4B2A488BDF00319364 /* GeneralControl.swift in Sources */ = {isa = PBXBuildFile; fileRef = DAF93C4A2A488BDE00319364 /* GeneralControl.swift */; };
		DAF93C4D2A488F5000319364 /* GeneralFlowControls.swift in Sources */ = {isa = PBXBuildFile; fileRef = DAF93C4C2A488F5000319364 /* GeneralFlowControls.swift */; };
		DAF93C4F2A48923300319364 /* TeamsView.swift in Sources */ = {isa = PBXBuildFile; fileRef = DAF93C4E2A48923300319364 /* TeamsView.swift */; };
		DAF93C512A48C3E200319364 /* TeamList.swift in Sources */ = {isa = PBXBuildFile; fileRef = DAF93C502A48C3E200319364 /* TeamList.swift */; };
		DAF93C532A48C71B00319364 /* TeamInfoPanel.swift in Sources */ = {isa = PBXBuildFile; fileRef = DAF93C522A48C71B00319364 /* TeamInfoPanel.swift */; };
		DAF93C552A48CAA700319364 /* TeamDeletionConfirmation.swift in Sources */ = {isa = PBXBuildFile; fileRef = DAF93C542A48CAA700319364 /* TeamDeletionConfirmation.swift */; };
		DAF93C572A48CE5100319364 /* NameSelectionSheet.swift in Sources */ = {isa = PBXBuildFile; fileRef = DAF93C562A48CE5100319364 /* NameSelectionSheet.swift */; };
/* End PBXBuildFile section */

/* Begin PBXFileReference section */
		DA191B632A21EAAE0099C07A /* Quizzer.app */ = {isa = PBXFileReference; explicitFileType = wrapper.application; includeInIndex = 0; path = Quizzer.app; sourceTree = BUILT_PRODUCTS_DIR; };
		DA191B662A21EAAE0099C07A /* QuizzerApp.swift */ = {isa = PBXFileReference; lastKnownFileType = sourcecode.swift; path = QuizzerApp.swift; sourceTree = "<group>"; };
		DA191B6A2A21EAB00099C07A /* Assets.xcassets */ = {isa = PBXFileReference; lastKnownFileType = folder.assetcatalog; path = Assets.xcassets; sourceTree = "<group>"; };
		DA191B6D2A21EAB00099C07A /* Preview Assets.xcassets */ = {isa = PBXFileReference; lastKnownFileType = folder.assetcatalog; path = "Preview Assets.xcassets"; sourceTree = "<group>"; };
		DA191B6F2A21EAB00099C07A /* Quizzer.entitlements */ = {isa = PBXFileReference; lastKnownFileType = text.plist.entitlements; path = Quizzer.entitlements; sourceTree = "<group>"; };
		DA191B752A21EB680099C07A /* QuizBoard.swift */ = {isa = PBXFileReference; lastKnownFileType = sourcecode.swift; path = QuizBoard.swift; sourceTree = "<group>"; };
		DA191B772A21F50E0099C07A /* Question.swift */ = {isa = PBXFileReference; lastKnownFileType = sourcecode.swift; path = Question.swift; sourceTree = "<group>"; };
		DA191B792A21F5700099C07A /* Category.swift */ = {isa = PBXFileReference; lastKnownFileType = sourcecode.swift; path = Category.swift; sourceTree = "<group>"; };
		DA191B7D2A21F8560099C07A /* CurrentState.swift */ = {isa = PBXFileReference; lastKnownFileType = sourcecode.swift; path = CurrentState.swift; sourceTree = "<group>"; };
		DA191B802A220AA30099C07A /* FirstStageQuestion.swift */ = {isa = PBXFileReference; lastKnownFileType = sourcecode.swift; path = FirstStageQuestion.swift; sourceTree = "<group>"; };
		DA191B842A2213020099C07A /* BoardControl.swift */ = {isa = PBXFileReference; lastKnownFileType = sourcecode.swift; path = BoardControl.swift; sourceTree = "<group>"; };
		DA191B8A2A2235DC0099C07A /* QuestionView.swift */ = {isa = PBXFileReference; lastKnownFileType = sourcecode.swift; path = QuestionView.swift; sourceTree = "<group>"; };
		DA191B8E2A22388F0099C07A /* FirstStage.swift */ = {isa = PBXFileReference; lastKnownFileType = sourcecode.swift; path = FirstStage.swift; sourceTree = "<group>"; };
		DA191B922A2240B20099C07A /* QuestionControl.swift */ = {isa = PBXFileReference; lastKnownFileType = sourcecode.swift; path = QuestionControl.swift; sourceTree = "<group>"; };
		DA191B942A2247070099C07A /* Team.swift */ = {isa = PBXFileReference; lastKnownFileType = sourcecode.swift; path = Team.swift; sourceTree = "<group>"; };
		DA191B9C2A22BA6D0099C07A /* Util.swift */ = {isa = PBXFileReference; lastKnownFileType = sourcecode.swift; path = Util.swift; sourceTree = "<group>"; };
		DA27112B2A4A0BC50026D89E /* Kaiser.jpg */ = {isa = PBXFileReference; lastKnownFileType = image.jpeg; path = Kaiser.jpg; sourceTree = "<group>"; };
		DA27112C2A4A0BC50026D89E /* HRR.jpg */ = {isa = PBXFileReference; lastKnownFileType = image.jpeg; path = HRR.jpg; sourceTree = "<group>"; };
		DA27112F2A4A0E250026D89E /* NamedData.swift */ = {isa = PBXFileReference; lastKnownFileType = sourcecode.swift; path = NamedData.swift; sourceTree = "<group>"; };
		DA631C882A2DDAFB0061BE7D /* MasterQuestion.swift */ = {isa = PBXFileReference; lastKnownFileType = sourcecode.swift; path = MasterQuestion.swift; sourceTree = "<group>"; };
		DA631C8A2A2DEAC80061BE7D /* MasterQuestionControl.swift */ = {isa = PBXFileReference; lastKnownFileType = sourcecode.swift; path = MasterQuestionControl.swift; sourceTree = "<group>"; };
		DA9C26022A495AE2007D274B /* QuestionEditView.swift */ = {isa = PBXFileReference; lastKnownFileType = sourcecode.swift; path = QuestionEditView.swift; sourceTree = "<group>"; };
		DA9D5FA52A2736620010928A /* TeamListing.swift */ = {isa = PBXFileReference; lastKnownFileType = sourcecode.swift; path = TeamListing.swift; sourceTree = "<group>"; };
		DACB33AD2A2358850073F39D /* QuestionAnswer.swift */ = {isa = PBXFileReference; lastKnownFileType = sourcecode.swift; path = QuestionAnswer.swift; sourceTree = "<group>"; };
		DACD19352A3C4EC70025A6B6 /* HeaderView.swift */ = {isa = PBXFileReference; lastKnownFileType = sourcecode.swift; path = HeaderView.swift; sourceTree = "<group>"; };
		DACD19372A3C4EEA0025A6B6 /* QuestionAndAnswer.swift */ = {isa = PBXFileReference; lastKnownFileType = sourcecode.swift; path = QuestionAndAnswer.swift; sourceTree = "<group>"; };
		DACD19392A3C4F130025A6B6 /* PresentationControl.swift */ = {isa = PBXFileReference; lastKnownFileType = sourcecode.swift; path = PresentationControl.swift; sourceTree = "<group>"; };
		DACD193B2A3C4F4F0025A6B6 /* PreviousAnswerView.swift */ = {isa = PBXFileReference; lastKnownFileType = sourcecode.swift; path = PreviousAnswerView.swift; sourceTree = "<group>"; };
		DACD193E2A3C4F8A0025A6B6 /* AnswerControl.swift */ = {isa = PBXFileReference; lastKnownFileType = sourcecode.swift; path = AnswerControl.swift; sourceTree = "<group>"; };
		DACD19402A3C4FAD0025A6B6 /* ExemptView.swift */ = {isa = PBXFileReference; lastKnownFileType = sourcecode.swift; path = ExemptView.swift; sourceTree = "<group>"; };
		DACD19422A3CC2C70025A6B6 /* MasterQuestionView.swift */ = {isa = PBXFileReference; lastKnownFileType = sourcecode.swift; path = MasterQuestionView.swift; sourceTree = "<group>"; };
		DADB10302A48DDEA004B6024 /* TeamListItem.swift */ = {isa = PBXFileReference; lastKnownFileType = sourcecode.swift; path = TeamListItem.swift; sourceTree = "<group>"; };
		DADE998F2A4B053600E2BCCA /* GeneralQuestionEditView.swift */ = {isa = PBXFileReference; lastKnownFileType = sourcecode.swift; path = GeneralQuestionEditView.swift; sourceTree = "<group>"; };
		DADE99912A4B13AA00E2BCCA /* QuestionVars.swift */ = {isa = PBXFileReference; lastKnownFileType = sourcecode.swift; path = QuestionVars.swift; sourceTree = "<group>"; };
		DADE99932A4B42FA00E2BCCA /* MasterQuestionEditView.swift */ = {isa = PBXFileReference; lastKnownFileType = sourcecode.swift; path = MasterQuestionEditView.swift; sourceTree = "<group>"; };
		DAF93C382A446ED300319364 /* ResultsView.swift */ = {isa = PBXFileReference; lastKnownFileType = sourcecode.swift; path = ResultsView.swift; sourceTree = "<group>"; };
		DAF93C3A2A44E6C800319364 /* EndControl.swift */ = {isa = PBXFileReference; lastKnownFileType = sourcecode.swift; path = EndControl.swift; sourceTree = "<group>"; };
		DAF93C3D2A48561F00319364 /* MasterQuestionAndAnswer.swift */ = {isa = PBXFileReference; lastKnownFileType = sourcecode.swift; path = MasterQuestionAndAnswer.swift; sourceTree = "<group>"; };
		DAF93C3F2A48565B00319364 /* MasterQuestionPresentationControls.swift */ = {isa = PBXFileReference; lastKnownFileType = sourcecode.swift; path = MasterQuestionPresentationControls.swift; sourceTree = "<group>"; };
		DAF93C412A4856CC00319364 /* MasterQuestionBettingView.swift */ = {isa = PBXFileReference; lastKnownFileType = sourcecode.swift; path = MasterQuestionBettingView.swift; sourceTree = "<group>"; };
		DAF93C432A48570000319364 /* MasterQuestionAnswersView.swift */ = {isa = PBXFileReference; lastKnownFileType = sourcecode.swift; path = MasterQuestionAnswersView.swift; sourceTree = "<group>"; };
		DAF93C462A485F4B00319364 /* Listings.swift */ = {isa = PBXFileReference; lastKnownFileType = sourcecode.swift; path = Listings.swift; sourceTree = "<group>"; };
		DAF93C482A485FD900319364 /* CategoriesView.swift */ = {isa = PBXFileReference; lastKnownFileType = sourcecode.swift; path = CategoriesView.swift; sourceTree = "<group>"; };
		DAF93C4A2A488BDE00319364 /* GeneralControl.swift */ = {isa = PBXFileReference; lastKnownFileType = sourcecode.swift; path = GeneralControl.swift; sourceTree = "<group>"; };
		DAF93C4C2A488F5000319364 /* GeneralFlowControls.swift */ = {isa = PBXFileReference; lastKnownFileType = sourcecode.swift; path = GeneralFlowControls.swift; sourceTree = "<group>"; };
		DAF93C4E2A48923300319364 /* TeamsView.swift */ = {isa = PBXFileReference; lastKnownFileType = sourcecode.swift; path = TeamsView.swift; sourceTree = "<group>"; };
		DAF93C502A48C3E200319364 /* TeamList.swift */ = {isa = PBXFileReference; lastKnownFileType = sourcecode.swift; path = TeamList.swift; sourceTree = "<group>"; };
		DAF93C522A48C71B00319364 /* TeamInfoPanel.swift */ = {isa = PBXFileReference; lastKnownFileType = sourcecode.swift; path = TeamInfoPanel.swift; sourceTree = "<group>"; };
		DAF93C542A48CAA700319364 /* TeamDeletionConfirmation.swift */ = {isa = PBXFileReference; lastKnownFileType = sourcecode.swift; path = TeamDeletionConfirmation.swift; sourceTree = "<group>"; };
		DAF93C562A48CE5100319364 /* NameSelectionSheet.swift */ = {isa = PBXFileReference; lastKnownFileType = sourcecode.swift; path = NameSelectionSheet.swift; sourceTree = "<group>"; };
/* End PBXFileReference section */

/* Begin PBXFrameworksBuildPhase section */
		DA191B602A21EAAE0099C07A /* Frameworks */ = {
			isa = PBXFrameworksBuildPhase;
			buildActionMask = 2147483647;
			files = (
			);
			runOnlyForDeploymentPostprocessing = 0;
		};
/* End PBXFrameworksBuildPhase section */

/* Begin PBXGroup section */
		DA191B5A2A21EAAE0099C07A = {
			isa = PBXGroup;
			children = (
				DA191B652A21EAAE0099C07A /* Quizzer */,
				DA191B642A21EAAE0099C07A /* Products */,
			);
			sourceTree = "<group>";
		};
		DA191B642A21EAAE0099C07A /* Products */ = {
			isa = PBXGroup;
			children = (
				DA191B632A21EAAE0099C07A /* Quizzer.app */,
			);
			name = Products;
			sourceTree = "<group>";
		};
		DA191B652A21EAAE0099C07A /* Quizzer */ = {
			isa = PBXGroup;
			children = (
				DA27112C2A4A0BC50026D89E /* HRR.jpg */,
				DA27112B2A4A0BC50026D89E /* Kaiser.jpg */,
				DA191B662A21EAAE0099C07A /* QuizzerApp.swift */,
				DA191B9C2A22BA6D0099C07A /* Util.swift */,
				DA191B832A2212A30099C07A /* Control */,
				DA191B822A2212780099C07A /* Presentation */,
				DA191B7F2A2206570099C07A /* Model */,
				DA191B6A2A21EAB00099C07A /* Assets.xcassets */,
				DA191B6F2A21EAB00099C07A /* Quizzer.entitlements */,
				DA191B6C2A21EAB00099C07A /* Preview Content */,
			);
			path = Quizzer;
			sourceTree = "<group>";
		};
		DA191B6C2A21EAB00099C07A /* Preview Content */ = {
			isa = PBXGroup;
			children = (
				DA191B6D2A21EAB00099C07A /* Preview Assets.xcassets */,
			);
			path = "Preview Content";
			sourceTree = "<group>";
		};
		DA191B7F2A2206570099C07A /* Model */ = {
			isa = PBXGroup;
			children = (
				DA191B7D2A21F8560099C07A /* CurrentState.swift */,
				DA191B772A21F50E0099C07A /* Question.swift */,
				DA631C882A2DDAFB0061BE7D /* MasterQuestion.swift */,
				DA191B792A21F5700099C07A /* Category.swift */,
				DA191B942A2247070099C07A /* Team.swift */,
				DACB33AD2A2358850073F39D /* QuestionAnswer.swift */,
				DA27112F2A4A0E250026D89E /* NamedData.swift */,
			);
			path = Model;
			sourceTree = "<group>";
		};
		DA191B822A2212780099C07A /* Presentation */ = {
			isa = PBXGroup;
			children = (
				DA191B752A21EB680099C07A /* QuizBoard.swift */,
				DA191B8E2A22388F0099C07A /* FirstStage.swift */,
				DA191B802A220AA30099C07A /* FirstStageQuestion.swift */,
				DA191B8A2A2235DC0099C07A /* QuestionView.swift */,
				DACD19422A3CC2C70025A6B6 /* MasterQuestionView.swift */,
				DAF93C382A446ED300319364 /* ResultsView.swift */,
			);
			path = Presentation;
			sourceTree = "<group>";
		};
		DA191B832A2212A30099C07A /* Control */ = {
			isa = PBXGroup;
			children = (
				DAF93C452A485DD200319364 /* BoardControl */,
				DAF93C3C2A4855D700319364 /* MasterQuestionControl */,
				DACD19342A3C4EA70025A6B6 /* QuestionControl */,
				DA9D5FA52A2736620010928A /* TeamListing.swift */,
				DAF93C3A2A44E6C800319364 /* EndControl.swift */,
			);
			path = Control;
			sourceTree = "<group>";
		};
		DACD19342A3C4EA70025A6B6 /* QuestionControl */ = {
			isa = PBXGroup;
			children = (
				DA191B922A2240B20099C07A /* QuestionControl.swift */,
				DACD19352A3C4EC70025A6B6 /* HeaderView.swift */,
				DACD19372A3C4EEA0025A6B6 /* QuestionAndAnswer.swift */,
				DACD19392A3C4F130025A6B6 /* PresentationControl.swift */,
				DACD193B2A3C4F4F0025A6B6 /* PreviousAnswerView.swift */,
				DACD193E2A3C4F8A0025A6B6 /* AnswerControl.swift */,
				DACD19402A3C4FAD0025A6B6 /* ExemptView.swift */,
			);
			path = QuestionControl;
			sourceTree = "<group>";
		};
		DAF93C3C2A4855D700319364 /* MasterQuestionControl */ = {
			isa = PBXGroup;
			children = (
				DA631C8A2A2DEAC80061BE7D /* MasterQuestionControl.swift */,
				DAF93C3D2A48561F00319364 /* MasterQuestionAndAnswer.swift */,
				DAF93C3F2A48565B00319364 /* MasterQuestionPresentationControls.swift */,
				DAF93C412A4856CC00319364 /* MasterQuestionBettingView.swift */,
				DAF93C432A48570000319364 /* MasterQuestionAnswersView.swift */,
			);
			path = MasterQuestionControl;
			sourceTree = "<group>";
		};
		DAF93C452A485DD200319364 /* BoardControl */ = {
			isa = PBXGroup;
			children = (
				DA191B842A2213020099C07A /* BoardControl.swift */,
				DAF93C482A485FD900319364 /* CategoriesView.swift */,
				DAF93C462A485F4B00319364 /* Listings.swift */,
				DA9C26022A495AE2007D274B /* QuestionEditView.swift */,
				DADE99932A4B42FA00E2BCCA /* MasterQuestionEditView.swift */,
				DADE998F2A4B053600E2BCCA /* GeneralQuestionEditView.swift */,
				DADE99912A4B13AA00E2BCCA /* QuestionVars.swift */,
				DAF93C4A2A488BDE00319364 /* GeneralControl.swift */,
				DAF93C4C2A488F5000319364 /* GeneralFlowControls.swift */,
				DAF93C4E2A48923300319364 /* TeamsView.swift */,
				DAF93C502A48C3E200319364 /* TeamList.swift */,
				DADB10302A48DDEA004B6024 /* TeamListItem.swift */,
				DAF93C522A48C71B00319364 /* TeamInfoPanel.swift */,
				DAF93C542A48CAA700319364 /* TeamDeletionConfirmation.swift */,
				DAF93C562A48CE5100319364 /* NameSelectionSheet.swift */,
			);
			path = BoardControl;
			sourceTree = "<group>";
		};
/* End PBXGroup section */

/* Begin PBXNativeTarget section */
		DA191B622A21EAAE0099C07A /* Quizzer */ = {
			isa = PBXNativeTarget;
			buildConfigurationList = DA191B722A21EAB00099C07A /* Build configuration list for PBXNativeTarget "Quizzer" */;
			buildPhases = (
				DA191B5F2A21EAAE0099C07A /* Sources */,
				DA191B602A21EAAE0099C07A /* Frameworks */,
				DA191B612A21EAAE0099C07A /* Resources */,
			);
			buildRules = (
			);
			dependencies = (
			);
			name = Quizzer;
			productName = Quizzer;
			productReference = DA191B632A21EAAE0099C07A /* Quizzer.app */;
			productType = "com.apple.product-type.application";
		};
/* End PBXNativeTarget section */

/* Begin PBXProject section */
		DA191B5B2A21EAAE0099C07A /* Project object */ = {
			isa = PBXProject;
			attributes = {
				BuildIndependentTargetsInParallel = 1;
				LastSwiftUpdateCheck = 1430;
				LastUpgradeCheck = 1430;
				TargetAttributes = {
					DA191B622A21EAAE0099C07A = {
						CreatedOnToolsVersion = 14.3;
					};
				};
			};
			buildConfigurationList = DA191B5E2A21EAAE0099C07A /* Build configuration list for PBXProject "Quizzer" */;
			compatibilityVersion = "Xcode 14.0";
			developmentRegion = en;
			hasScannedForEncodings = 0;
			knownRegions = (
				en,
				Base,
			);
			mainGroup = DA191B5A2A21EAAE0099C07A;
			productRefGroup = DA191B642A21EAAE0099C07A /* Products */;
			projectDirPath = "";
			projectRoot = "";
			targets = (
				DA191B622A21EAAE0099C07A /* Quizzer */,
			);
		};
/* End PBXProject section */

/* Begin PBXResourcesBuildPhase section */
		DA191B612A21EAAE0099C07A /* Resources */ = {
			isa = PBXResourcesBuildPhase;
			buildActionMask = 2147483647;
			files = (
				DA27112D2A4A0BC50026D89E /* Kaiser.jpg in Resources */,
				DA191B6E2A21EAB00099C07A /* Preview Assets.xcassets in Resources */,
				DA27112E2A4A0BC50026D89E /* HRR.jpg in Resources */,
				DA191B6B2A21EAB00099C07A /* Assets.xcassets in Resources */,
			);
			runOnlyForDeploymentPostprocessing = 0;
		};
/* End PBXResourcesBuildPhase section */

/* Begin PBXSourcesBuildPhase section */
		DA191B5F2A21EAAE0099C07A /* Sources */ = {
			isa = PBXSourcesBuildPhase;
			buildActionMask = 2147483647;
			files = (
				DADE99902A4B053600E2BCCA /* GeneralQuestionEditView.swift in Sources */,
				DA191B952A2247070099C07A /* Team.swift in Sources */,
				DAF93C4D2A488F5000319364 /* GeneralFlowControls.swift in Sources */,
				DADE99922A4B13AA00E2BCCA /* QuestionVars.swift in Sources */,
				DAF93C392A446ED300319364 /* ResultsView.swift in Sources */,
				DA191B782A21F50E0099C07A /* Question.swift in Sources */,
				DAF93C4F2A48923300319364 /* TeamsView.swift in Sources */,
				DA191B932A2240B20099C07A /* QuestionControl.swift in Sources */,
				DACD19432A3CC2C70025A6B6 /* MasterQuestionView.swift in Sources */,
				DACB33AE2A2358850073F39D /* QuestionAnswer.swift in Sources */,
				DAF93C422A4856CC00319364 /* MasterQuestionBettingView.swift in Sources */,
				DA191B672A21EAAE0099C07A /* QuizzerApp.swift in Sources */,
				DA191B812A220AA30099C07A /* FirstStageQuestion.swift in Sources */,
				DAF93C402A48565B00319364 /* MasterQuestionPresentationControls.swift in Sources */,
				DAF93C572A48CE5100319364 /* NameSelectionSheet.swift in Sources */,
				DACD19362A3C4EC70025A6B6 /* HeaderView.swift in Sources */,
				DADB10312A48DDEA004B6024 /* TeamListItem.swift in Sources */,
				DACD193F2A3C4F8A0025A6B6 /* AnswerControl.swift in Sources */,
				DAF93C552A48CAA700319364 /* TeamDeletionConfirmation.swift in Sources */,
				DA9D5FA62A2736620010928A /* TeamListing.swift in Sources */,
				DADE99942A4B42FA00E2BCCA /* MasterQuestionEditView.swift in Sources */,
				DACD19412A3C4FAD0025A6B6 /* ExemptView.swift in Sources */,
				DAF93C4B2A488BDF00319364 /* GeneralControl.swift in Sources */,
				DA191B7E2A21F8560099C07A /* CurrentState.swift in Sources */,
				DA191B9D2A22BA6D0099C07A /* Util.swift in Sources */,
				DA2711302A4A0E250026D89E /* NamedData.swift in Sources */,
				DAF93C472A485F4B00319364 /* Listings.swift in Sources */,
				DA191B8F2A22388F0099C07A /* FirstStage.swift in Sources */,
				DAF93C532A48C71B00319364 /* TeamInfoPanel.swift in Sources */,
				DAF93C3B2A44E6C800319364 /* EndControl.swift in Sources */,
				DAF93C492A485FD900319364 /* CategoriesView.swift in Sources */,
				DACD19382A3C4EEA0025A6B6 /* QuestionAndAnswer.swift in Sources */,
				DA9C26032A495AE2007D274B /* QuestionEditView.swift in Sources */,
				DA191B762A21EB680099C07A /* QuizBoard.swift in Sources */,
				DAF93C512A48C3E200319364 /* TeamList.swift in Sources */,
				DA631C8B2A2DEAC80061BE7D /* MasterQuestionControl.swift in Sources */,
				DAF93C442A48570000319364 /* MasterQuestionAnswersView.swift in Sources */,
				DA631C892A2DDAFB0061BE7D /* MasterQuestion.swift in Sources */,
				DACD193C2A3C4F4F0025A6B6 /* PreviousAnswerView.swift in Sources */,
				DACD193A2A3C4F130025A6B6 /* PresentationControl.swift in Sources */,
				DA191B852A2213020099C07A /* BoardControl.swift in Sources */,
				DAF93C3E2A48561F00319364 /* MasterQuestionAndAnswer.swift in Sources */,
				DA191B8B2A2235DC0099C07A /* QuestionView.swift in Sources */,
				DA191B7A2A21F5700099C07A /* Category.swift in Sources */,
			);
			runOnlyForDeploymentPostprocessing = 0;
		};
/* End PBXSourcesBuildPhase section */

/* Begin XCBuildConfiguration section */
		DA191B702A21EAB00099C07A /* Debug */ = {
			isa = XCBuildConfiguration;
			buildSettings = {
				ALWAYS_SEARCH_USER_PATHS = NO;
				ASSETCATALOG_COMPILER_APPICON_NAME = AppIcon;
				CLANG_ANALYZER_NONNULL = YES;
				CLANG_ANALYZER_NUMBER_OBJECT_CONVERSION = YES_AGGRESSIVE;
				CLANG_CXX_LANGUAGE_STANDARD = "gnu++20";
				CLANG_ENABLE_MODULES = YES;
				CLANG_ENABLE_OBJC_ARC = YES;
				CLANG_ENABLE_OBJC_WEAK = YES;
				CLANG_WARN_BLOCK_CAPTURE_AUTORELEASING = YES;
				CLANG_WARN_BOOL_CONVERSION = YES;
				CLANG_WARN_COMMA = YES;
				CLANG_WARN_CONSTANT_CONVERSION = YES;
				CLANG_WARN_DEPRECATED_OBJC_IMPLEMENTATIONS = YES;
				CLANG_WARN_DIRECT_OBJC_ISA_USAGE = YES_ERROR;
				CLANG_WARN_DOCUMENTATION_COMMENTS = YES;
				CLANG_WARN_EMPTY_BODY = YES;
				CLANG_WARN_ENUM_CONVERSION = YES;
				CLANG_WARN_INFINITE_RECURSION = YES;
				CLANG_WARN_INT_CONVERSION = YES;
				CLANG_WARN_NON_LITERAL_NULL_CONVERSION = YES;
				CLANG_WARN_OBJC_IMPLICIT_RETAIN_SELF = YES;
				CLANG_WARN_OBJC_LITERAL_CONVERSION = YES;
				CLANG_WARN_OBJC_ROOT_CLASS = YES_ERROR;
				CLANG_WARN_QUOTED_INCLUDE_IN_FRAMEWORK_HEADER = YES;
				CLANG_WARN_RANGE_LOOP_ANALYSIS = YES;
				CLANG_WARN_STRICT_PROTOTYPES = YES;
				CLANG_WARN_SUSPICIOUS_MOVE = YES;
				CLANG_WARN_UNGUARDED_AVAILABILITY = YES_AGGRESSIVE;
				CLANG_WARN_UNREACHABLE_CODE = YES;
				CLANG_WARN__DUPLICATE_METHOD_MATCH = YES;
				COPY_PHASE_STRIP = NO;
				DEBUG_INFORMATION_FORMAT = dwarf;
				ENABLE_STRICT_OBJC_MSGSEND = YES;
				ENABLE_TESTABILITY = YES;
				GCC_C_LANGUAGE_STANDARD = gnu11;
				GCC_DYNAMIC_NO_PIC = NO;
				GCC_NO_COMMON_BLOCKS = YES;
				GCC_OPTIMIZATION_LEVEL = 0;
				GCC_PREPROCESSOR_DEFINITIONS = (
					"DEBUG=1",
					"$(inherited)",
				);
				GCC_WARN_64_TO_32_BIT_CONVERSION = YES;
				GCC_WARN_ABOUT_RETURN_TYPE = YES_ERROR;
				GCC_WARN_UNDECLARED_SELECTOR = YES;
				GCC_WARN_UNINITIALIZED_AUTOS = YES_AGGRESSIVE;
				GCC_WARN_UNUSED_FUNCTION = YES;
				GCC_WARN_UNUSED_VARIABLE = YES;
				INFOPLIST_KEY_NSFileProviderPresenceUsageDescription = "";
				MACOSX_DEPLOYMENT_TARGET = 14.0;
				MTL_ENABLE_DEBUG_INFO = INCLUDE_SOURCE;
				MTL_FAST_MATH = YES;
				ONLY_ACTIVE_ARCH = YES;
				SDKROOT = macosx;
				SWIFT_ACTIVE_COMPILATION_CONDITIONS = DEBUG;
				SWIFT_OPTIMIZATION_LEVEL = "-Onone";
			};
			name = Debug;
		};
		DA191B712A21EAB00099C07A /* Release */ = {
			isa = XCBuildConfiguration;
			buildSettings = {
				ALWAYS_SEARCH_USER_PATHS = NO;
				ASSETCATALOG_COMPILER_APPICON_NAME = AppIcon;
				CLANG_ANALYZER_NONNULL = YES;
				CLANG_ANALYZER_NUMBER_OBJECT_CONVERSION = YES_AGGRESSIVE;
				CLANG_CXX_LANGUAGE_STANDARD = "gnu++20";
				CLANG_ENABLE_MODULES = YES;
				CLANG_ENABLE_OBJC_ARC = YES;
				CLANG_ENABLE_OBJC_WEAK = YES;
				CLANG_WARN_BLOCK_CAPTURE_AUTORELEASING = YES;
				CLANG_WARN_BOOL_CONVERSION = YES;
				CLANG_WARN_COMMA = YES;
				CLANG_WARN_CONSTANT_CONVERSION = YES;
				CLANG_WARN_DEPRECATED_OBJC_IMPLEMENTATIONS = YES;
				CLANG_WARN_DIRECT_OBJC_ISA_USAGE = YES_ERROR;
				CLANG_WARN_DOCUMENTATION_COMMENTS = YES;
				CLANG_WARN_EMPTY_BODY = YES;
				CLANG_WARN_ENUM_CONVERSION = YES;
				CLANG_WARN_INFINITE_RECURSION = YES;
				CLANG_WARN_INT_CONVERSION = YES;
				CLANG_WARN_NON_LITERAL_NULL_CONVERSION = YES;
				CLANG_WARN_OBJC_IMPLICIT_RETAIN_SELF = YES;
				CLANG_WARN_OBJC_LITERAL_CONVERSION = YES;
				CLANG_WARN_OBJC_ROOT_CLASS = YES_ERROR;
				CLANG_WARN_QUOTED_INCLUDE_IN_FRAMEWORK_HEADER = YES;
				CLANG_WARN_RANGE_LOOP_ANALYSIS = YES;
				CLANG_WARN_STRICT_PROTOTYPES = YES;
				CLANG_WARN_SUSPICIOUS_MOVE = YES;
				CLANG_WARN_UNGUARDED_AVAILABILITY = YES_AGGRESSIVE;
				CLANG_WARN_UNREACHABLE_CODE = YES;
				CLANG_WARN__DUPLICATE_METHOD_MATCH = YES;
				COPY_PHASE_STRIP = NO;
				DEBUG_INFORMATION_FORMAT = "dwarf-with-dsym";
				ENABLE_NS_ASSERTIONS = NO;
				ENABLE_STRICT_OBJC_MSGSEND = YES;
				GCC_C_LANGUAGE_STANDARD = gnu11;
				GCC_NO_COMMON_BLOCKS = YES;
				GCC_WARN_64_TO_32_BIT_CONVERSION = YES;
				GCC_WARN_ABOUT_RETURN_TYPE = YES_ERROR;
				GCC_WARN_UNDECLARED_SELECTOR = YES;
				GCC_WARN_UNINITIALIZED_AUTOS = YES_AGGRESSIVE;
				GCC_WARN_UNUSED_FUNCTION = YES;
				GCC_WARN_UNUSED_VARIABLE = YES;
				INFOPLIST_KEY_NSFileProviderPresenceUsageDescription = "";
				MACOSX_DEPLOYMENT_TARGET = 14.0;
				MTL_ENABLE_DEBUG_INFO = NO;
				MTL_FAST_MATH = YES;
				SDKROOT = macosx;
				SWIFT_COMPILATION_MODE = wholemodule;
				SWIFT_OPTIMIZATION_LEVEL = "-O";
			};
			name = Release;
		};
		DA191B732A21EAB00099C07A /* Debug */ = {
			isa = XCBuildConfiguration;
			buildSettings = {
				ASSETCATALOG_COMPILER_APPICON_NAME = AppIcon;
				ASSETCATALOG_COMPILER_GLOBAL_ACCENT_COLOR_NAME = AccentColor;
				CODE_SIGN_ENTITLEMENTS = Quizzer/Quizzer.entitlements;
				"CODE_SIGN_IDENTITY[sdk=macosx*]" = "Apple Development";
				CODE_SIGN_STYLE = Automatic;
				COMBINE_HIDPI_IMAGES = YES;
				CURRENT_PROJECT_VERSION = 1;
				DEVELOPMENT_ASSET_PATHS = "\"Quizzer/Preview Content\"";
				DEVELOPMENT_TEAM = M3Q8CQN3R7;
				ENABLE_HARDENED_RUNTIME = YES;
				ENABLE_PREVIEWS = YES;
				GENERATE_INFOPLIST_FILE = YES;
				INFOPLIST_KEY_NSHumanReadableCopyright = "";
				LD_RUNPATH_SEARCH_PATHS = (
					"$(inherited)",
					"@executable_path/../Frameworks",
				);
				MARKETING_VERSION = 1.0;
				PRODUCT_BUNDLE_IDENTIFIER = de.paulschuetz.Quizzer;
				PRODUCT_NAME = "$(TARGET_NAME)";
				SWIFT_EMIT_LOC_STRINGS = YES;
				SWIFT_VERSION = 5.0;
			};
			name = Debug;
		};
		DA191B742A21EAB00099C07A /* Release */ = {
			isa = XCBuildConfiguration;
			buildSettings = {
				ASSETCATALOG_COMPILER_APPICON_NAME = AppIcon;
				ASSETCATALOG_COMPILER_GLOBAL_ACCENT_COLOR_NAME = AccentColor;
				CODE_SIGN_ENTITLEMENTS = Quizzer/Quizzer.entitlements;
				"CODE_SIGN_IDENTITY[sdk=macosx*]" = "Apple Development";
				CODE_SIGN_STYLE = Automatic;
				COMBINE_HIDPI_IMAGES = YES;
				CURRENT_PROJECT_VERSION = 1;
				DEVELOPMENT_ASSET_PATHS = "\"Quizzer/Preview Content\"";
				DEVELOPMENT_TEAM = M3Q8CQN3R7;
				ENABLE_HARDENED_RUNTIME = YES;
				ENABLE_PREVIEWS = YES;
				GENERATE_INFOPLIST_FILE = YES;
				INFOPLIST_KEY_NSHumanReadableCopyright = "";
				LD_RUNPATH_SEARCH_PATHS = (
					"$(inherited)",
					"@executable_path/../Frameworks",
				);
				MARKETING_VERSION = 1.0;
				PRODUCT_BUNDLE_IDENTIFIER = de.paulschuetz.Quizzer;
				PRODUCT_NAME = "$(TARGET_NAME)";
				SWIFT_EMIT_LOC_STRINGS = YES;
				SWIFT_VERSION = 5.0;
			};
			name = Release;
		};
/* End XCBuildConfiguration section */

/* Begin XCConfigurationList section */
		DA191B5E2A21EAAE0099C07A /* Build configuration list for PBXProject "Quizzer" */ = {
			isa = XCConfigurationList;
			buildConfigurations = (
				DA191B702A21EAB00099C07A /* Debug */,
				DA191B712A21EAB00099C07A /* Release */,
			);
			defaultConfigurationIsVisible = 0;
			defaultConfigurationName = Release;
		};
		DA191B722A21EAB00099C07A /* Build configuration list for PBXNativeTarget "Quizzer" */ = {
			isa = XCConfigurationList;
			buildConfigurations = (
				DA191B732A21EAB00099C07A /* Debug */,
				DA191B742A21EAB00099C07A /* Release */,
			);
			defaultConfigurationIsVisible = 0;
			defaultConfigurationName = Release;
		};
/* End XCConfigurationList section */
	};
	rootObject = DA191B5B2A21EAAE0099C07A /* Project object */;
}
