// !$*UTF8*$!
{
	archiveVersion = 1;
	classes = {
	};
	objectVersion = 56;
	objects = {

/* Begin PBXBuildFile section */
		DA191B672A21EAAE0099C07A /* QuizzerApp.swift in Sources */ = {isa = PBXBuildFile; fileRef = DA191B662A21EAAE0099C07A /* QuizzerApp.swift */; };
		DA191B6B2A21EAB00099C07A /* Assets.xcassets in Resources */ = {isa = PBXBuildFile; fileRef = DA191B6A2A21EAB00099C07A /* Assets.xcassets */; };
		DA191B6E2A21EAB00099C07A /* Preview Assets.xcassets in Resources */ = {isa = PBXBuildFile; fileRef = DA191B6D2A21EAB00099C07A /* Preview Assets.xcassets */; };
		DA191B762A21EB680099C07A /* QuizBoard.swift in Sources */ = {isa = PBXBuildFile; fileRef = DA191B752A21EB680099C07A /* QuizBoard.swift */; };
		DA191B782A21F50E0099C07A /* Question.swift in Sources */ = {isa = PBXBuildFile; fileRef = DA191B772A21F50E0099C07A /* Question.swift */; };
		DA191B7A2A21F5700099C07A /* Category.swift in Sources */ = {isa = PBXBuildFile; fileRef = DA191B792A21F5700099C07A /* Category.swift */; };
		DA191B7E2A21F8560099C07A /* CurrentState.swift in Sources */ = {isa = PBXBuildFile; fileRef = DA191B7D2A21F8560099C07A /* CurrentState.swift */; };
		DA191B812A220AA30099C07A /* FirstStageQuestion.swift in Sources */ = {isa = PBXBuildFile; fileRef = DA191B802A220AA30099C07A /* FirstStageQuestion.swift */; };
		DA191B852A2213020099C07A /* BoardControl.swift in Sources */ = {isa = PBXBuildFile; fileRef = DA191B842A2213020099C07A /* BoardControl.swift */; };
		DA191B8B2A2235DC0099C07A /* QuestionView.swift in Sources */ = {isa = PBXBuildFile; fileRef = DA191B8A2A2235DC0099C07A /* QuestionView.swift */; };
		DA191B8F2A22388F0099C07A /* FirstStage.swift in Sources */ = {isa = PBXBuildFile; fileRef = DA191B8E2A22388F0099C07A /* FirstStage.swift */; };
		DA191B932A2240B20099C07A /* QuestionControl.swift in Sources */ = {isa = PBXBuildFile; fileRef = DA191B922A2240B20099C07A /* QuestionControl.swift */; };
		DA191B952A2247070099C07A /* Team.swift in Sources */ = {isa = PBXBuildFile; fileRef = DA191B942A2247070099C07A /* Team.swift */; };
		DA191B982A229CD30099C07A /* QuestionQuicklook.swift in Sources */ = {isa = PBXBuildFile; fileRef = DA191B972A229CD30099C07A /* QuestionQuicklook.swift */; };
		DA191B9D2A22BA6D0099C07A /* Util.swift in Sources */ = {isa = PBXBuildFile; fileRef = DA191B9C2A22BA6D0099C07A /* Util.swift */; };
		DACB33AE2A2358850073F39D /* QuestionAnswer.swift in Sources */ = {isa = PBXBuildFile; fileRef = DACB33AD2A2358850073F39D /* QuestionAnswer.swift */; };
/* End PBXBuildFile section */

/* Begin PBXFileReference section */
		DA191B632A21EAAE0099C07A /* Quizzer.app */ = {isa = PBXFileReference; explicitFileType = wrapper.application; includeInIndex = 0; path = Quizzer.app; sourceTree = BUILT_PRODUCTS_DIR; };
		DA191B662A21EAAE0099C07A /* QuizzerApp.swift */ = {isa = PBXFileReference; lastKnownFileType = sourcecode.swift; path = QuizzerApp.swift; sourceTree = "<group>"; };
		DA191B6A2A21EAB00099C07A /* Assets.xcassets */ = {isa = PBXFileReference; lastKnownFileType = folder.assetcatalog; path = Assets.xcassets; sourceTree = "<group>"; };
		DA191B6D2A21EAB00099C07A /* Preview Assets.xcassets */ = {isa = PBXFileReference; lastKnownFileType = folder.assetcatalog; path = "Preview Assets.xcassets"; sourceTree = "<group>"; };
		DA191B6F2A21EAB00099C07A /* Quizzer.entitlements */ = {isa = PBXFileReference; lastKnownFileType = text.plist.entitlements; path = Quizzer.entitlements; sourceTree = "<group>"; };
		DA191B752A21EB680099C07A /* QuizBoard.swift */ = {isa = PBXFileReference; lastKnownFileType = sourcecode.swift; path = QuizBoard.swift; sourceTree = "<group>"; };
		DA191B772A21F50E0099C07A /* Question.swift */ = {isa = PBXFileReference; lastKnownFileType = sourcecode.swift; path = Question.swift; sourceTree = "<group>"; };
		DA191B792A21F5700099C07A /* Category.swift */ = {isa = PBXFileReference; lastKnownFileType = sourcecode.swift; path = Category.swift; sourceTree = "<group>"; };
		DA191B7D2A21F8560099C07A /* CurrentState.swift */ = {isa = PBXFileReference; lastKnownFileType = sourcecode.swift; path = CurrentState.swift; sourceTree = "<group>"; };
		DA191B802A220AA30099C07A /* FirstStageQuestion.swift */ = {isa = PBXFileReference; lastKnownFileType = sourcecode.swift; path = FirstStageQuestion.swift; sourceTree = "<group>"; };
		DA191B842A2213020099C07A /* BoardControl.swift */ = {isa = PBXFileReference; lastKnownFileType = sourcecode.swift; path = BoardControl.swift; sourceTree = "<group>"; };
		DA191B8A2A2235DC0099C07A /* QuestionView.swift */ = {isa = PBXFileReference; lastKnownFileType = sourcecode.swift; path = QuestionView.swift; sourceTree = "<group>"; };
		DA191B8E2A22388F0099C07A /* FirstStage.swift */ = {isa = PBXFileReference; lastKnownFileType = sourcecode.swift; path = FirstStage.swift; sourceTree = "<group>"; };
		DA191B922A2240B20099C07A /* QuestionControl.swift */ = {isa = PBXFileReference; lastKnownFileType = sourcecode.swift; path = QuestionControl.swift; sourceTree = "<group>"; };
		DA191B942A2247070099C07A /* Team.swift */ = {isa = PBXFileReference; lastKnownFileType = sourcecode.swift; path = Team.swift; sourceTree = "<group>"; };
		DA191B972A229CD30099C07A /* QuestionQuicklook.swift */ = {isa = PBXFileReference; lastKnownFileType = sourcecode.swift; path = QuestionQuicklook.swift; sourceTree = "<group>"; };
		DA191B9C2A22BA6D0099C07A /* Util.swift */ = {isa = PBXFileReference; lastKnownFileType = sourcecode.swift; path = Util.swift; sourceTree = "<group>"; };
		DACB33AD2A2358850073F39D /* QuestionAnswer.swift */ = {isa = PBXFileReference; lastKnownFileType = sourcecode.swift; path = QuestionAnswer.swift; sourceTree = "<group>"; };
/* End PBXFileReference section */

/* Begin PBXFrameworksBuildPhase section */
		DA191B602A21EAAE0099C07A /* Frameworks */ = {
			isa = PBXFrameworksBuildPhase;
			buildActionMask = 2147483647;
			files = (
			);
			runOnlyForDeploymentPostprocessing = 0;
		};
/* End PBXFrameworksBuildPhase section */

/* Begin PBXGroup section */
		DA191B5A2A21EAAE0099C07A = {
			isa = PBXGroup;
			children = (
				DA191B652A21EAAE0099C07A /* Quizzer */,
				DA191B642A21EAAE0099C07A /* Products */,
			);
			sourceTree = "<group>";
		};
		DA191B642A21EAAE0099C07A /* Products */ = {
			isa = PBXGroup;
			children = (
				DA191B632A21EAAE0099C07A /* Quizzer.app */,
			);
			name = Products;
			sourceTree = "<group>";
		};
		DA191B652A21EAAE0099C07A /* Quizzer */ = {
			isa = PBXGroup;
			children = (
				DA191B662A21EAAE0099C07A /* QuizzerApp.swift */,
				DA191B9C2A22BA6D0099C07A /* Util.swift */,
				DA191B832A2212A30099C07A /* Control */,
				DA191B822A2212780099C07A /* Presentation */,
				DA191B7F2A2206570099C07A /* Model */,
				DA191B6A2A21EAB00099C07A /* Assets.xcassets */,
				DA191B6F2A21EAB00099C07A /* Quizzer.entitlements */,
				DA191B6C2A21EAB00099C07A /* Preview Content */,
			);
			path = Quizzer;
			sourceTree = "<group>";
		};
		DA191B6C2A21EAB00099C07A /* Preview Content */ = {
			isa = PBXGroup;
			children = (
				DA191B6D2A21EAB00099C07A /* Preview Assets.xcassets */,
			);
			path = "Preview Content";
			sourceTree = "<group>";
		};
		DA191B7F2A2206570099C07A /* Model */ = {
			isa = PBXGroup;
			children = (
				DA191B7D2A21F8560099C07A /* CurrentState.swift */,
				DA191B772A21F50E0099C07A /* Question.swift */,
				DA191B792A21F5700099C07A /* Category.swift */,
				DA191B942A2247070099C07A /* Team.swift */,
				DACB33AD2A2358850073F39D /* QuestionAnswer.swift */,
			);
			path = Model;
			sourceTree = "<group>";
		};
		DA191B822A2212780099C07A /* Presentation */ = {
			isa = PBXGroup;
			children = (
				DA191B752A21EB680099C07A /* QuizBoard.swift */,
				DA191B8E2A22388F0099C07A /* FirstStage.swift */,
				DA191B802A220AA30099C07A /* FirstStageQuestion.swift */,
				DA191B8A2A2235DC0099C07A /* QuestionView.swift */,
			);
			path = Presentation;
			sourceTree = "<group>";
		};
		DA191B832A2212A30099C07A /* Control */ = {
			isa = PBXGroup;
			children = (
				DA191B842A2213020099C07A /* BoardControl.swift */,
				DA191B922A2240B20099C07A /* QuestionControl.swift */,
				DA191B972A229CD30099C07A /* QuestionQuicklook.swift */,
			);
			path = Control;
			sourceTree = "<group>";
		};
/* End PBXGroup section */

/* Begin PBXNativeTarget section */
		DA191B622A21EAAE0099C07A /* Quizzer */ = {
			isa = PBXNativeTarget;
			buildConfigurationList = DA191B722A21EAB00099C07A /* Build configuration list for PBXNativeTarget "Quizzer" */;
			buildPhases = (
				DA191B5F2A21EAAE0099C07A /* Sources */,
				DA191B602A21EAAE0099C07A /* Frameworks */,
				DA191B612A21EAAE0099C07A /* Resources */,
			);
			buildRules = (
			);
			dependencies = (
			);
			name = Quizzer;
			productName = Quizzer;
			productReference = DA191B632A21EAAE0099C07A /* Quizzer.app */;
			productType = "com.apple.product-type.application";
		};
/* End PBXNativeTarget section */

/* Begin PBXProject section */
		DA191B5B2A21EAAE0099C07A /* Project object */ = {
			isa = PBXProject;
			attributes = {
				BuildIndependentTargetsInParallel = 1;
				LastSwiftUpdateCheck = 1430;
				LastUpgradeCheck = 1430;
				TargetAttributes = {
					DA191B622A21EAAE0099C07A = {
						CreatedOnToolsVersion = 14.3;
					};
				};
			};
			buildConfigurationList = DA191B5E2A21EAAE0099C07A /* Build configuration list for PBXProject "Quizzer" */;
			compatibilityVersion = "Xcode 14.0";
			developmentRegion = en;
			hasScannedForEncodings = 0;
			knownRegions = (
				en,
				Base,
			);
			mainGroup = DA191B5A2A21EAAE0099C07A;
			productRefGroup = DA191B642A21EAAE0099C07A /* Products */;
			projectDirPath = "";
			projectRoot = "";
			targets = (
				DA191B622A21EAAE0099C07A /* Quizzer */,
			);
		};
/* End PBXProject section */

/* Begin PBXResourcesBuildPhase section */
		DA191B612A21EAAE0099C07A /* Resources */ = {
			isa = PBXResourcesBuildPhase;
			buildActionMask = 2147483647;
			files = (
				DA191B6E2A21EAB00099C07A /* Preview Assets.xcassets in Resources */,
				DA191B6B2A21EAB00099C07A /* Assets.xcassets in Resources */,
			);
			runOnlyForDeploymentPostprocessing = 0;
		};
/* End PBXResourcesBuildPhase section */

/* Begin PBXSourcesBuildPhase section */
		DA191B5F2A21EAAE0099C07A /* Sources */ = {
			isa = PBXSourcesBuildPhase;
			buildActionMask = 2147483647;
			files = (
				DA191B952A2247070099C07A /* Team.swift in Sources */,
				DA191B782A21F50E0099C07A /* Question.swift in Sources */,
				DA191B932A2240B20099C07A /* QuestionControl.swift in Sources */,
				DACB33AE2A2358850073F39D /* QuestionAnswer.swift in Sources */,
				DA191B672A21EAAE0099C07A /* QuizzerApp.swift in Sources */,
				DA191B982A229CD30099C07A /* QuestionQuicklook.swift in Sources */,
				DA191B812A220AA30099C07A /* FirstStageQuestion.swift in Sources */,
				DA191B7E2A21F8560099C07A /* CurrentState.swift in Sources */,
				DA191B9D2A22BA6D0099C07A /* Util.swift in Sources */,
				DA191B8F2A22388F0099C07A /* FirstStage.swift in Sources */,
				DA191B762A21EB680099C07A /* QuizBoard.swift in Sources */,
				DA191B852A2213020099C07A /* BoardControl.swift in Sources */,
				DA191B8B2A2235DC0099C07A /* QuestionView.swift in Sources */,
				DA191B7A2A21F5700099C07A /* Category.swift in Sources */,
			);
			runOnlyForDeploymentPostprocessing = 0;
		};
/* End PBXSourcesBuildPhase section */

/* Begin XCBuildConfiguration section */
		DA191B702A21EAB00099C07A /* Debug */ = {
			isa = XCBuildConfiguration;
			buildSettings = {
				ALWAYS_SEARCH_USER_PATHS = NO;
				CLANG_ANALYZER_NONNULL = YES;
				CLANG_ANALYZER_NUMBER_OBJECT_CONVERSION = YES_AGGRESSIVE;
				CLANG_CXX_LANGUAGE_STANDARD = "gnu++20";
				CLANG_ENABLE_MODULES = YES;
				CLANG_ENABLE_OBJC_ARC = YES;
				CLANG_ENABLE_OBJC_WEAK = YES;
				CLANG_WARN_BLOCK_CAPTURE_AUTORELEASING = YES;
				CLANG_WARN_BOOL_CONVERSION = YES;
				CLANG_WARN_COMMA = YES;
				CLANG_WARN_CONSTANT_CONVERSION = YES;
				CLANG_WARN_DEPRECATED_OBJC_IMPLEMENTATIONS = YES;
				CLANG_WARN_DIRECT_OBJC_ISA_USAGE = YES_ERROR;
				CLANG_WARN_DOCUMENTATION_COMMENTS = YES;
				CLANG_WARN_EMPTY_BODY = YES;
				CLANG_WARN_ENUM_CONVERSION = YES;
				CLANG_WARN_INFINITE_RECURSION = YES;
				CLANG_WARN_INT_CONVERSION = YES;
				CLANG_WARN_NON_LITERAL_NULL_CONVERSION = YES;
				CLANG_WARN_OBJC_IMPLICIT_RETAIN_SELF = YES;
				CLANG_WARN_OBJC_LITERAL_CONVERSION = YES;
				CLANG_WARN_OBJC_ROOT_CLASS = YES_ERROR;
				CLANG_WARN_QUOTED_INCLUDE_IN_FRAMEWORK_HEADER = YES;
				CLANG_WARN_RANGE_LOOP_ANALYSIS = YES;
				CLANG_WARN_STRICT_PROTOTYPES = YES;
				CLANG_WARN_SUSPICIOUS_MOVE = YES;
				CLANG_WARN_UNGUARDED_AVAILABILITY = YES_AGGRESSIVE;
				CLANG_WARN_UNREACHABLE_CODE = YES;
				CLANG_WARN__DUPLICATE_METHOD_MATCH = YES;
				COPY_PHASE_STRIP = NO;
				DEBUG_INFORMATION_FORMAT = dwarf;
				ENABLE_STRICT_OBJC_MSGSEND = YES;
				ENABLE_TESTABILITY = YES;
				GCC_C_LANGUAGE_STANDARD = gnu11;
				GCC_DYNAMIC_NO_PIC = NO;
				GCC_NO_COMMON_BLOCKS = YES;
				GCC_OPTIMIZATION_LEVEL = 0;
				GCC_PREPROCESSOR_DEFINITIONS = (
					"DEBUG=1",
					"$(inherited)",
				);
				GCC_WARN_64_TO_32_BIT_CONVERSION = YES;
				GCC_WARN_ABOUT_RETURN_TYPE = YES_ERROR;
				GCC_WARN_UNDECLARED_SELECTOR = YES;
				GCC_WARN_UNINITIALIZED_AUTOS = YES_AGGRESSIVE;
				GCC_WARN_UNUSED_FUNCTION = YES;
				GCC_WARN_UNUSED_VARIABLE = YES;
				MACOSX_DEPLOYMENT_TARGET = 13.3;
				MTL_ENABLE_DEBUG_INFO = INCLUDE_SOURCE;
				MTL_FAST_MATH = YES;
				ONLY_ACTIVE_ARCH = YES;
				SDKROOT = macosx;
				SWIFT_ACTIVE_COMPILATION_CONDITIONS = DEBUG;
				SWIFT_OPTIMIZATION_LEVEL = "-Onone";
			};
			name = Debug;
		};
		DA191B712A21EAB00099C07A /* Release */ = {
			isa = XCBuildConfiguration;
			buildSettings = {
				ALWAYS_SEARCH_USER_PATHS = NO;
				CLANG_ANALYZER_NONNULL = YES;
				CLANG_ANALYZER_NUMBER_OBJECT_CONVERSION = YES_AGGRESSIVE;
				CLANG_CXX_LANGUAGE_STANDARD = "gnu++20";
				CLANG_ENABLE_MODULES = YES;
				CLANG_ENABLE_OBJC_ARC = YES;
				CLANG_ENABLE_OBJC_WEAK = YES;
				CLANG_WARN_BLOCK_CAPTURE_AUTORELEASING = YES;
				CLANG_WARN_BOOL_CONVERSION = YES;
				CLANG_WARN_COMMA = YES;
				CLANG_WARN_CONSTANT_CONVERSION = YES;
				CLANG_WARN_DEPRECATED_OBJC_IMPLEMENTATIONS = YES;
				CLANG_WARN_DIRECT_OBJC_ISA_USAGE = YES_ERROR;
				CLANG_WARN_DOCUMENTATION_COMMENTS = YES;
				CLANG_WARN_EMPTY_BODY = YES;
				CLANG_WARN_ENUM_CONVERSION = YES;
				CLANG_WARN_INFINITE_RECURSION = YES;
				CLANG_WARN_INT_CONVERSION = YES;
				CLANG_WARN_NON_LITERAL_NULL_CONVERSION = YES;
				CLANG_WARN_OBJC_IMPLICIT_RETAIN_SELF = YES;
				CLANG_WARN_OBJC_LITERAL_CONVERSION = YES;
				CLANG_WARN_OBJC_ROOT_CLASS = YES_ERROR;
				CLANG_WARN_QUOTED_INCLUDE_IN_FRAMEWORK_HEADER = YES;
				CLANG_WARN_RANGE_LOOP_ANALYSIS = YES;
				CLANG_WARN_STRICT_PROTOTYPES = YES;
				CLANG_WARN_SUSPICIOUS_MOVE = YES;
				CLANG_WARN_UNGUARDED_AVAILABILITY = YES_AGGRESSIVE;
				CLANG_WARN_UNREACHABLE_CODE = YES;
				CLANG_WARN__DUPLICATE_METHOD_MATCH = YES;
				COPY_PHASE_STRIP = NO;
				DEBUG_INFORMATION_FORMAT = "dwarf-with-dsym";
				ENABLE_NS_ASSERTIONS = NO;
				ENABLE_STRICT_OBJC_MSGSEND = YES;
				GCC_C_LANGUAGE_STANDARD = gnu11;
				GCC_NO_COMMON_BLOCKS = YES;
				GCC_WARN_64_TO_32_BIT_CONVERSION = YES;
				GCC_WARN_ABOUT_RETURN_TYPE = YES_ERROR;
				GCC_WARN_UNDECLARED_SELECTOR = YES;
				GCC_WARN_UNINITIALIZED_AUTOS = YES_AGGRESSIVE;
				GCC_WARN_UNUSED_FUNCTION = YES;
				GCC_WARN_UNUSED_VARIABLE = YES;
				MACOSX_DEPLOYMENT_TARGET = 13.3;
				MTL_ENABLE_DEBUG_INFO = NO;
				MTL_FAST_MATH = YES;
				SDKROOT = macosx;
				SWIFT_COMPILATION_MODE = wholemodule;
				SWIFT_OPTIMIZATION_LEVEL = "-O";
			};
			name = Release;
		};
		DA191B732A21EAB00099C07A /* Debug */ = {
			isa = XCBuildConfiguration;
			buildSettings = {
				ASSETCATALOG_COMPILER_APPICON_NAME = AppIcon;
				ASSETCATALOG_COMPILER_GLOBAL_ACCENT_COLOR_NAME = AccentColor;
				CODE_SIGN_ENTITLEMENTS = Quizzer/Quizzer.entitlements;
				CODE_SIGN_STYLE = Automatic;
				COMBINE_HIDPI_IMAGES = YES;
				CURRENT_PROJECT_VERSION = 1;
				DEVELOPMENT_ASSET_PATHS = "\"Quizzer/Preview Content\"";
				DEVELOPMENT_TEAM = M3Q8CQN3R7;
				ENABLE_HARDENED_RUNTIME = YES;
				ENABLE_PREVIEWS = YES;
				GENERATE_INFOPLIST_FILE = YES;
				INFOPLIST_KEY_NSHumanReadableCopyright = "";
				LD_RUNPATH_SEARCH_PATHS = (
					"$(inherited)",
					"@executable_path/../Frameworks",
				);
				MARKETING_VERSION = 1.0;
				PRODUCT_BUNDLE_IDENTIFIER = de.paulschuetz.Quizzer;
				PRODUCT_NAME = "$(TARGET_NAME)";
				SWIFT_EMIT_LOC_STRINGS = YES;
				SWIFT_VERSION = 5.0;
			};
			name = Debug;
		};
		DA191B742A21EAB00099C07A /* Release */ = {
			isa = XCBuildConfiguration;
			buildSettings = {
				ASSETCATALOG_COMPILER_APPICON_NAME = AppIcon;
				ASSETCATALOG_COMPILER_GLOBAL_ACCENT_COLOR_NAME = AccentColor;
				CODE_SIGN_ENTITLEMENTS = Quizzer/Quizzer.entitlements;
				CODE_SIGN_STYLE = Automatic;
				COMBINE_HIDPI_IMAGES = YES;
				CURRENT_PROJECT_VERSION = 1;
				DEVELOPMENT_ASSET_PATHS = "\"Quizzer/Preview Content\"";
				DEVELOPMENT_TEAM = M3Q8CQN3R7;
				ENABLE_HARDENED_RUNTIME = YES;
				ENABLE_PREVIEWS = YES;
				GENERATE_INFOPLIST_FILE = YES;
				INFOPLIST_KEY_NSHumanReadableCopyright = "";
				LD_RUNPATH_SEARCH_PATHS = (
					"$(inherited)",
					"@executable_path/../Frameworks",
				);
				MARKETING_VERSION = 1.0;
				PRODUCT_BUNDLE_IDENTIFIER = de.paulschuetz.Quizzer;
				PRODUCT_NAME = "$(TARGET_NAME)";
				SWIFT_EMIT_LOC_STRINGS = YES;
				SWIFT_VERSION = 5.0;
			};
			name = Release;
		};
/* End XCBuildConfiguration section */

/* Begin XCConfigurationList section */
		DA191B5E2A21EAAE0099C07A /* Build configuration list for PBXProject "Quizzer" */ = {
			isa = XCConfigurationList;
			buildConfigurations = (
				DA191B702A21EAB00099C07A /* Debug */,
				DA191B712A21EAB00099C07A /* Release */,
			);
			defaultConfigurationIsVisible = 0;
			defaultConfigurationName = Release;
		};
		DA191B722A21EAB00099C07A /* Build configuration list for PBXNativeTarget "Quizzer" */ = {
			isa = XCConfigurationList;
			buildConfigurations = (
				DA191B732A21EAB00099C07A /* Debug */,
				DA191B742A21EAB00099C07A /* Release */,
			);
			defaultConfigurationIsVisible = 0;
			defaultConfigurationName = Release;
		};
/* End XCConfigurationList section */
	};
	rootObject = DA191B5B2A21EAAE0099C07A /* Project object */;
}
